
Microsoft Visual Studio Solution File, Format Version 12.00
# Visual Studio Version 17
VisualStudioVersion = 17.11.35125.118
MinimumVisualStudioVersion = 10.0.40219.1
Project("{9A19103F-16F7-4668-BE54-9A1E7A4F7556}") = "Auditor", "Auditor\Auditor.csproj", "{77153770-B296-4EA6-9667-7451D1307237}"
EndProject
Project("{9A19103F-16F7-4668-BE54-9A1E7A4F7556}") = "Examples", "Examples\Examples.csproj", "{94BA6532-DA38-4FBA-8C94-3E3FCE643075}"
EndProject
Global
	GlobalSection(SolutionConfigurationPlatforms) = preSolution
		Debug|Any CPU = Debug|Any CPU
		Release|Any CPU = Release|Any CPU
	EndGlobalSection
	GlobalSection(ProjectConfigurationPlatforms) = postSolution
		{77153770-B296-4EA6-9667-7451D1307237}.Debug|Any CPU.ActiveCfg = Debug|Any CPU
		{77153770-B296-4EA6-9667-7451D1307237}.Debug|Any CPU.Build.0 = Debug|Any CPU
		{77153770-B296-4EA6-9667-7451D1307237}.Release|Any CPU.ActiveCfg = Release|Any CPU
		{77153770-B296-4EA6-9667-7451D1307237}.Release|Any CPU.Build.0 = Release|Any CPU
		{94BA6532-DA38-4FBA-8C94-3E3FCE643075}.Debug|Any CPU.ActiveCfg = Debug|Any CPU
		{94BA6532-DA38-4FBA-8C94-3E3FCE643075}.Debug|Any CPU.Build.0 = Debug|Any CPU
		{94BA6532-DA38-4FBA-8C94-3E3FCE643075}.Release|Any CPU.ActiveCfg = Release|Any CPU
		{94BA6532-DA38-4FBA-8C94-3E3FCE643075}.Release|Any CPU.Build.0 = Release|Any CPU
	EndGlobalSection
	GlobalSection(SolutionProperties) = preSolution
		HideSolutionNode = FALSE
	EndGlobalSection
	GlobalSection(ExtensibilityGlobals) = postSolution
		SolutionGuid = {6901FF0B-41B8-42D5-9E57-4B6BC28D50F5}
	EndGlobalSection
EndGlobal
